
Microsoft Visual Studio Solution File, Format Version 12.00
# Visual Studio Version 16
VisualStudioVersion = 16.0.30621.155
MinimumVisualStudioVersion = 10.0.40219.1
Project("{FAE04EC0-301F-11D3-BF4B-00C04F79EFBC}") = "ChatRoomWithMediatorPattern", "ChatRoomWithMediatorPattern.csproj", "{FAADBC5B-217E-4EBC-8F64-8C0BE6B55260}"
EndProject
Global
	GlobalSection(SolutionConfigurationPlatforms) = preSolution
		Debug|Any CPU = Debug|Any CPU
		Release|Any CPU = Release|Any CPU
	EndGlobalSection
	GlobalSection(ProjectConfigurationPlatforms) = postSolution
		{FAADBC5B-217E-4EBC-8F64-8C0BE6B55260}.Debug|Any CPU.ActiveCfg = Debug|Any CPU
		{FAADBC5B-217E-4EBC-8F64-8C0BE6B55260}.Debug|Any CPU.Build.0 = Debug|Any CPU
		{FAADBC5B-217E-4EBC-8F64-8C0BE6B55260}.Release|Any CPU.ActiveCfg = Release|Any CPU
		{FAADBC5B-217E-4EBC-8F64-8C0BE6B55260}.Release|Any CPU.Build.0 = Release|Any CPU
	EndGlobalSection
	GlobalSection(SolutionProperties) = preSolution
		HideSolutionNode = FALSE
	EndGlobalSection
	GlobalSection(ExtensibilityGlobals) = postSolution
		SolutionGuid = {69423E71-4475-4DBE-8E04-558035EC4EC0}
	EndGlobalSection
EndGlobal
